
Microsoft Visual Studio Solution File, Format Version 12.00
# Visual Studio Version 17
VisualStudioVersion = 17.0.32014.148
MinimumVisualStudioVersion = 10.0.40219.1
Project("{9A19103F-16F7-4668-BE54-9A1E7A4F7556}") = "WW.EventHanlder", "WW.EventHanlder\WW.EventHanlder.csproj", "{8C45CA47-F13E-4204-BA50-9086E2CA125D}"
EndProject
Project("{888888A0-9F3D-457C-B088-3A5042F75D52}") = "EventSendTester", "EventSendTester\EventSendTester.pyproj", "{C13431A3-A532-41E4-B4B2-0719594ED43D}"
EndProject
Global
	GlobalSection(SolutionConfigurationPlatforms) = preSolution
		Debug|Any CPU = Debug|Any CPU
		Release|Any CPU = Release|Any CPU
	EndGlobalSection
	GlobalSection(ProjectConfigurationPlatforms) = postSolution
		{8C45CA47-F13E-4204-BA50-9086E2CA125D}.Debug|Any CPU.ActiveCfg = Debug|Any CPU
		{8C45CA47-F13E-4204-BA50-9086E2CA125D}.Debug|Any CPU.Build.0 = Debug|Any CPU
		{8C45CA47-F13E-4204-BA50-9086E2CA125D}.Release|Any CPU.ActiveCfg = Release|Any CPU
		{8C45CA47-F13E-4204-BA50-9086E2CA125D}.Release|Any CPU.Build.0 = Release|Any CPU
		{C13431A3-A532-41E4-B4B2-0719594ED43D}.Debug|Any CPU.ActiveCfg = Debug|Any CPU
		{C13431A3-A532-41E4-B4B2-0719594ED43D}.Release|Any CPU.ActiveCfg = Release|Any CPU
	EndGlobalSection
	GlobalSection(SolutionProperties) = preSolution
		HideSolutionNode = FALSE
	EndGlobalSection
	GlobalSection(ExtensibilityGlobals) = postSolution
		SolutionGuid = {E8217215-5EE5-4462-A025-C4CCE3BC6617}
	EndGlobalSection
EndGlobal
